
Microsoft Visual Studio Solution File, Format Version 12.00
# Visual Studio Version 17
VisualStudioVersion = 17.5.33502.453
MinimumVisualStudioVersion = 10.0.40219.1
Project("{FAE04EC0-301F-11D3-BF4B-00C04F79EFBC}") = "Lab2_Advance", "Lab2_Advance.csproj", "{73BF2BF1-DDEF-4428-8509-5CB63A9A76FE}"
EndProject
Global
	GlobalSection(SolutionConfigurationPlatforms) = preSolution
		Debug|Any CPU = Debug|Any CPU
		Release|Any CPU = Release|Any CPU
	EndGlobalSection
	GlobalSection(ProjectConfigurationPlatforms) = postSolution
		{73BF2BF1-DDEF-4428-8509-5CB63A9A76FE}.Debug|Any CPU.ActiveCfg = Debug|Any CPU
		{73BF2BF1-DDEF-4428-8509-5CB63A9A76FE}.Debug|Any CPU.Build.0 = Debug|Any CPU
		{73BF2BF1-DDEF-4428-8509-5CB63A9A76FE}.Release|Any CPU.ActiveCfg = Release|Any CPU
		{73BF2BF1-DDEF-4428-8509-5CB63A9A76FE}.Release|Any CPU.Build.0 = Release|Any CPU
	EndGlobalSection
	GlobalSection(SolutionProperties) = preSolution
		HideSolutionNode = FALSE
	EndGlobalSection
	GlobalSection(ExtensibilityGlobals) = postSolution
		SolutionGuid = {7C619C57-49AF-452F-8626-B8AF91AFFC5F}
	EndGlobalSection
EndGlobal
