
Microsoft Visual Studio Solution File, Format Version 12.00
# Visual Studio Version 17
VisualStudioVersion = 17.5.33502.453
MinimumVisualStudioVersion = 10.0.40219.1
Project("{FAE04EC0-301F-11D3-BF4B-00C04F79EFBC}") = "Lab2_Demo", "Lab2_Demo.csproj", "{8B297BF8-5A21-4732-8B17-122528C6635E}"
EndProject
Global
	GlobalSection(SolutionConfigurationPlatforms) = preSolution
		Debug|Any CPU = Debug|Any CPU
		Release|Any CPU = Release|Any CPU
	EndGlobalSection
	GlobalSection(ProjectConfigurationPlatforms) = postSolution
		{8B297BF8-5A21-4732-8B17-122528C6635E}.Debug|Any CPU.ActiveCfg = Debug|Any CPU
		{8B297BF8-5A21-4732-8B17-122528C6635E}.Debug|Any CPU.Build.0 = Debug|Any CPU
		{8B297BF8-5A21-4732-8B17-122528C6635E}.Release|Any CPU.ActiveCfg = Release|Any CPU
		{8B297BF8-5A21-4732-8B17-122528C6635E}.Release|Any CPU.Build.0 = Release|Any CPU
	EndGlobalSection
	GlobalSection(SolutionProperties) = preSolution
		HideSolutionNode = FALSE
	EndGlobalSection
	GlobalSection(ExtensibilityGlobals) = postSolution
		SolutionGuid = {3D1F0CB6-8782-4402-8D71-F6B7DE46B1E2}
	EndGlobalSection
EndGlobal
